
Microsoft Visual Studio Solution File, Format Version 12.00
# Visual Studio 15
VisualStudioVersion = 15.0.28307.572
MinimumVisualStudioVersion = 10.0.40219.1
Project("{FAE04EC0-301F-11D3-BF4B-00C04F79EFBC}") = "SimpleGCS4MAVLink", "SimpleGCS4MAVLink\SimpleGCS4MAVLink.csproj", "{BCD223A5-1AEE-439A-B66C-0F1586217A07}"
EndProject
Global
	GlobalSection(SolutionConfigurationPlatforms) = preSolution
		Debug|Any CPU = Debug|Any CPU
		Release|Any CPU = Release|Any CPU
	EndGlobalSection
	GlobalSection(ProjectConfigurationPlatforms) = postSolution
		{BCD223A5-1AEE-439A-B66C-0F1586217A07}.Debug|Any CPU.ActiveCfg = Debug|Any CPU
		{BCD223A5-1AEE-439A-B66C-0F1586217A07}.Debug|Any CPU.Build.0 = Debug|Any CPU
		{BCD223A5-1AEE-439A-B66C-0F1586217A07}.Release|Any CPU.ActiveCfg = Release|Any CPU
		{BCD223A5-1AEE-439A-B66C-0F1586217A07}.Release|Any CPU.Build.0 = Release|Any CPU
	EndGlobalSection
	GlobalSection(SolutionProperties) = preSolution
		HideSolutionNode = FALSE
	EndGlobalSection
	GlobalSection(ExtensibilityGlobals) = postSolution
		SolutionGuid = {613E4E3C-634A-482E-897B-785E65F78FB7}
	EndGlobalSection
EndGlobal
